
Microsoft Visual Studio Solution File, Format Version 12.00
# Visual Studio Version 16
VisualStudioVersion = 16.0.30611.23
MinimumVisualStudioVersion = 10.0.40219.1
Project("{FAE04EC0-301F-11D3-BF4B-00C04F79EFBC}") = "social_app_form2", "social_app_form2\social_app_form2.csproj", "{CE75F907-EC35-430A-A116-D524F3C21149}"
EndProject
Global
	GlobalSection(SolutionConfigurationPlatforms) = preSolution
		Debug|Any CPU = Debug|Any CPU
		Release|Any CPU = Release|Any CPU
	EndGlobalSection
	GlobalSection(ProjectConfigurationPlatforms) = postSolution
		{CE75F907-EC35-430A-A116-D524F3C21149}.Debug|Any CPU.ActiveCfg = Debug|Any CPU
		{CE75F907-EC35-430A-A116-D524F3C21149}.Debug|Any CPU.Build.0 = Debug|Any CPU
		{CE75F907-EC35-430A-A116-D524F3C21149}.Release|Any CPU.ActiveCfg = Release|Any CPU
		{CE75F907-EC35-430A-A116-D524F3C21149}.Release|Any CPU.Build.0 = Release|Any CPU
	EndGlobalSection
	GlobalSection(SolutionProperties) = preSolution
		HideSolutionNode = FALSE
	EndGlobalSection
	GlobalSection(ExtensibilityGlobals) = postSolution
		SolutionGuid = {C14799B6-BCB3-48B3-B004-6F2CEC8AE4CC}
	EndGlobalSection
EndGlobal
